
Microsoft Visual Studio Solution File, Format Version 12.00
# Visual Studio 15
VisualStudioVersion = 15.0.27703.2042
MinimumVisualStudioVersion = 10.0.40219.1
Project("{FAE04EC0-301F-11D3-BF4B-00C04F79EFBC}") = "DAL", "DAL\DAL.csproj", "{FD740825-2CAA-4FDA-BBE6-63C0B149D58F}"
EndProject
Project("{FAE04EC0-301F-11D3-BF4B-00C04F79EFBC}") = "BLL", "BLL\BLL.csproj", "{48F984A7-5ED7-4FC3-A5F9-7B2F424B80A3}"
EndProject
Project("{FAE04EC0-301F-11D3-BF4B-00C04F79EFBC}") = "TaskTrackingAPI", "TaskTrackingAPI\TaskTrackingAPI.csproj", "{3214141D-4411-44B2-9F84-8250CEAA44D0}"
EndProject
Global
	GlobalSection(SolutionConfigurationPlatforms) = preSolution
		Debug|Any CPU = Debug|Any CPU
		Release|Any CPU = Release|Any CPU
	EndGlobalSection
	GlobalSection(ProjectConfigurationPlatforms) = postSolution
		{FD740825-2CAA-4FDA-BBE6-63C0B149D58F}.Debug|Any CPU.ActiveCfg = Debug|Any CPU
		{FD740825-2CAA-4FDA-BBE6-63C0B149D58F}.Debug|Any CPU.Build.0 = Debug|Any CPU
		{FD740825-2CAA-4FDA-BBE6-63C0B149D58F}.Release|Any CPU.ActiveCfg = Release|Any CPU
		{FD740825-2CAA-4FDA-BBE6-63C0B149D58F}.Release|Any CPU.Build.0 = Release|Any CPU
		{48F984A7-5ED7-4FC3-A5F9-7B2F424B80A3}.Debug|Any CPU.ActiveCfg = Debug|Any CPU
		{48F984A7-5ED7-4FC3-A5F9-7B2F424B80A3}.Debug|Any CPU.Build.0 = Debug|Any CPU
		{48F984A7-5ED7-4FC3-A5F9-7B2F424B80A3}.Release|Any CPU.ActiveCfg = Release|Any CPU
		{48F984A7-5ED7-4FC3-A5F9-7B2F424B80A3}.Release|Any CPU.Build.0 = Release|Any CPU
		{3214141D-4411-44B2-9F84-8250CEAA44D0}.Debug|Any CPU.ActiveCfg = Debug|Any CPU
		{3214141D-4411-44B2-9F84-8250CEAA44D0}.Debug|Any CPU.Build.0 = Debug|Any CPU
		{3214141D-4411-44B2-9F84-8250CEAA44D0}.Release|Any CPU.ActiveCfg = Release|Any CPU
		{3214141D-4411-44B2-9F84-8250CEAA44D0}.Release|Any CPU.Build.0 = Release|Any CPU
	EndGlobalSection
	GlobalSection(SolutionProperties) = preSolution
		HideSolutionNode = FALSE
	EndGlobalSection
	GlobalSection(ExtensibilityGlobals) = postSolution
		SolutionGuid = {E928BB0A-4EB0-4651-81F1-6702BE7B945D}
	EndGlobalSection
EndGlobal
