
Microsoft Visual Studio Solution File, Format Version 12.00
# Visual Studio 15
VisualStudioVersion = 15.0.27703.2042
MinimumVisualStudioVersion = 10.0.40219.1
Project("{FAE04EC0-301F-11D3-BF4B-00C04F79EFBC}") = "TaskTrackingSystem", "TaskTrackingSystem\TaskTrackingSystem.csproj", "{C779F769-CA9C-4A0F-A3E6-7DA5A4F9F704}"
EndProject
Project("{FAE04EC0-301F-11D3-BF4B-00C04F79EFBC}") = "TaskTrackingSystem.Tests", "TaskTrackingSystem.Tests\TaskTrackingSystem.Tests.csproj", "{F69ED892-3D24-4569-B405-E8210F559E67}"
EndProject
Global
	GlobalSection(SolutionConfigurationPlatforms) = preSolution
		Debug|Any CPU = Debug|Any CPU
		Release|Any CPU = Release|Any CPU
	EndGlobalSection
	GlobalSection(ProjectConfigurationPlatforms) = postSolution
		{C779F769-CA9C-4A0F-A3E6-7DA5A4F9F704}.Debug|Any CPU.ActiveCfg = Debug|Any CPU
		{C779F769-CA9C-4A0F-A3E6-7DA5A4F9F704}.Debug|Any CPU.Build.0 = Debug|Any CPU
		{C779F769-CA9C-4A0F-A3E6-7DA5A4F9F704}.Release|Any CPU.ActiveCfg = Release|Any CPU
		{C779F769-CA9C-4A0F-A3E6-7DA5A4F9F704}.Release|Any CPU.Build.0 = Release|Any CPU
		{F69ED892-3D24-4569-B405-E8210F559E67}.Debug|Any CPU.ActiveCfg = Debug|Any CPU
		{F69ED892-3D24-4569-B405-E8210F559E67}.Debug|Any CPU.Build.0 = Debug|Any CPU
		{F69ED892-3D24-4569-B405-E8210F559E67}.Release|Any CPU.ActiveCfg = Release|Any CPU
		{F69ED892-3D24-4569-B405-E8210F559E67}.Release|Any CPU.Build.0 = Release|Any CPU
	EndGlobalSection
	GlobalSection(SolutionProperties) = preSolution
		HideSolutionNode = FALSE
	EndGlobalSection
	GlobalSection(ExtensibilityGlobals) = postSolution
		SolutionGuid = {E928BB0A-4EB0-4651-81F1-6702BE7B945D}
	EndGlobalSection
EndGlobal
